PODS:
  - Alamofire (4.1.0)
  - ObjectMapper (2.2.1)

DEPENDENCIES:
  - Alamofire (~> 4.1)
  - ObjectMapper

SPEC CHECKSUMS:
  Alamofire: e266cf991b933498df791e645e0d8ac294492153
  ObjectMapper: 41e43e1a89f8060ef5ea5d04ba852e269a621d68

PODFILE CHECKSUM: aa146eea6150c1508d24adcf1d736f38bcc1d82f

COCOAPODS: 1.1.1
